Microsoft Visual Studio Solution File, Format Version 11.00
# Visual Studio 2008

Project("{9D644CE0-E672-7045-B48B-4A7BE1EEE9BC}") = "BeerRouting", "Assembly-CSharp.csproj", "{157C79D7-0559-4A0D-2177-8E783FDFBEF9}"
EndProject
Project("{9D644CE0-E672-7045-B48B-4A7BE1EEE9BC}") = "BeerRouting", "Assembly-CSharp-Editor.csproj", "{D0343AAA-1B70-FECA-5325-103ED2D76E90}"
EndProject
Global
	GlobalSection(SolutionConfigurationPlatforms) = preSolution
		Debug|Any CPU = Debug|Any CPU
		Release|Any CPU = Release|Any CPU
	EndGlobalSection
	GlobalSection(ProjectConfigurationPlatforms) = postSolution
		{157C79D7-0559-4A0D-2177-8E783FDFBEF9}.Debug|Any CPU.ActiveCfg = Debug|Any CPU
		{157C79D7-0559-4A0D-2177-8E783FDFBEF9}.Debug|Any CPU.Build.0 = Debug|Any CPU
		{157C79D7-0559-4A0D-2177-8E783FDFBEF9}.Release|Any CPU.ActiveCfg = Release|Any CPU
		{157C79D7-0559-4A0D-2177-8E783FDFBEF9}.Release|Any CPU.Build.0 = Release|Any CPU
		{D0343AAA-1B70-FECA-5325-103ED2D76E90}.Debug|Any CPU.ActiveCfg = Debug|Any CPU
		{D0343AAA-1B70-FECA-5325-103ED2D76E90}.Debug|Any CPU.Build.0 = Debug|Any CPU
		{D0343AAA-1B70-FECA-5325-103ED2D76E90}.Release|Any CPU.ActiveCfg = Release|Any CPU
		{D0343AAA-1B70-FECA-5325-103ED2D76E90}.Release|Any CPU.Build.0 = Release|Any CPU
	EndGlobalSection
	GlobalSection(SolutionProperties) = preSolution
		HideSolutionNode = FALSE
	EndGlobalSection
	GlobalSection(MonoDevelopProperties) = preSolution
		StartupItem = Assembly-CSharp.csproj
	EndGlobalSection
EndGlobal
