Microsoft Visual Studio Solution File, Format Version 11.00
# Visual Studio 2008

Project("{DB23D126-28BB-8F06-FFB0-E0D42E6369E0}") = "BeerRouting - Simulation", "Assembly-CSharp.csproj", "{EF819F1A-15B5-794D-E75F-28D2DF67523F}"
EndProject
Project("{DB23D126-28BB-8F06-FFB0-E0D42E6369E0}") = "BeerRouting - Simulation", "Assembly-CSharp-Editor-firstpass.csproj", "{E6A7BE9E-4003-896B-6B91-47367BCF7D6E}"
EndProject
Project("{DB23D126-28BB-8F06-FFB0-E0D42E6369E0}") = "BeerRouting - Simulation", "Assembly-CSharp-Editor.csproj", "{B110D9F4-0851-FA3F-8ABB-FA27D04A0463}"
EndProject
Global
	GlobalSection(SolutionConfigurationPlatforms) = preSolution
		Debug|Any CPU = Debug|Any CPU
		Release|Any CPU = Release|Any CPU
	EndGlobalSection
	GlobalSection(ProjectConfigurationPlatforms) = postSolution
		{EF819F1A-15B5-794D-E75F-28D2DF67523F}.Debug|Any CPU.ActiveCfg = Debug|Any CPU
		{EF819F1A-15B5-794D-E75F-28D2DF67523F}.Debug|Any CPU.Build.0 = Debug|Any CPU
		{EF819F1A-15B5-794D-E75F-28D2DF67523F}.Release|Any CPU.ActiveCfg = Release|Any CPU
		{EF819F1A-15B5-794D-E75F-28D2DF67523F}.Release|Any CPU.Build.0 = Release|Any CPU
		{E6A7BE9E-4003-896B-6B91-47367BCF7D6E}.Debug|Any CPU.ActiveCfg = Debug|Any CPU
		{E6A7BE9E-4003-896B-6B91-47367BCF7D6E}.Debug|Any CPU.Build.0 = Debug|Any CPU
		{E6A7BE9E-4003-896B-6B91-47367BCF7D6E}.Release|Any CPU.ActiveCfg = Release|Any CPU
		{E6A7BE9E-4003-896B-6B91-47367BCF7D6E}.Release|Any CPU.Build.0 = Release|Any CPU
		{B110D9F4-0851-FA3F-8ABB-FA27D04A0463}.Debug|Any CPU.ActiveCfg = Debug|Any CPU
		{B110D9F4-0851-FA3F-8ABB-FA27D04A0463}.Debug|Any CPU.Build.0 = Debug|Any CPU
		{B110D9F4-0851-FA3F-8ABB-FA27D04A0463}.Release|Any CPU.ActiveCfg = Release|Any CPU
		{B110D9F4-0851-FA3F-8ABB-FA27D04A0463}.Release|Any CPU.Build.0 = Release|Any CPU
	EndGlobalSection
	GlobalSection(SolutionProperties) = preSolution
		HideSolutionNode = FALSE
	EndGlobalSection
	GlobalSection(MonoDevelopProperties) = preSolution
		StartupItem = Assembly-CSharp.csproj
	EndGlobalSection
EndGlobal
